
Microsoft Visual Studio Solution File, Format Version 12.00
# Visual Studio 2013
VisualStudioVersion = 12.0.30626.0
MinimumVisualStudioVersion = 10.0.40219.1
Project("{888888A0-9F3D-457C-B088-3A5042F75D52}") = "ProRail_GeobaseII", "ProRail_GeobaseII\ProRail_GeobaseII.pyproj", "{991B5CF2-C02D-4FE5-B62C-FBA14D0DC8C9}"
EndProject
Project("{2150E333-8FDC-42A3-9474-1A3956D46DE8}") = "XML", "XML", "{17167C01-09D0-48AD-991C-8DECB76EAE69}"
	ProjectSection(SolutionItems) = preProject
		..\..\..\Atos\ProRail\TVS7\GeobaseGis_Rules_V08.xml = ..\..\..\Atos\ProRail\TVS7\GeobaseGis_Rules_V08.xml
		..\..\..\Atos\ProRail\TVS7\GeobaseGis_Rules_V08.xsd = ..\..\..\Atos\ProRail\TVS7\GeobaseGis_Rules_V08.xsd
	EndProjectSection
EndProject
Global
	GlobalSection(SolutionConfigurationPlatforms) = preSolution
		Debug|Any CPU = Debug|Any CPU
		Release|Any CPU = Release|Any CPU
	EndGlobalSection
	GlobalSection(ProjectConfigurationPlatforms) = postSolution
		{991B5CF2-C02D-4FE5-B62C-FBA14D0DC8C9}.Debug|Any CPU.ActiveCfg = Debug|Any CPU
		{991B5CF2-C02D-4FE5-B62C-FBA14D0DC8C9}.Release|Any CPU.ActiveCfg = Release|Any CPU
	EndGlobalSection
	GlobalSection(SolutionProperties) = preSolution
		HideSolutionNode = FALSE
	EndGlobalSection
EndGlobal
